
Microsoft Visual Studio Solution File, Format Version 12.00
# Visual Studio 15
VisualStudioVersion = 15.0.27703.2047
MinimumVisualStudioVersion = 10.0.40219.1
Project("{FAE04EC0-301F-11D3-BF4B-00C04F79EFBC}") = "OKOnline", "OKOnline.csproj", "{401EA5F8-05D7-4C2F-A097-34EC9BDB5D4E}"
EndProject
Project("{FAE04EC0-301F-11D3-BF4B-00C04F79EFBC}") = "TestingWF", "..\TestingWF\TestingWF.csproj", "{F82F5544-9E78-48B2-8652-46BD5CA292D5}"
EndProject
Global
	GlobalSection(SolutionConfigurationPlatforms) = preSolution
		Debug|Any CPU = Debug|Any CPU
		Release|Any CPU = Release|Any CPU
	EndGlobalSection
	GlobalSection(ProjectConfigurationPlatforms) = postSolution
		{401EA5F8-05D7-4C2F-A097-34EC9BDB5D4E}.Debug|Any CPU.ActiveCfg = Debug|Any CPU
		{401EA5F8-05D7-4C2F-A097-34EC9BDB5D4E}.Debug|Any CPU.Build.0 = Debug|Any CPU
		{401EA5F8-05D7-4C2F-A097-34EC9BDB5D4E}.Release|Any CPU.ActiveCfg = Release|Any CPU
		{401EA5F8-05D7-4C2F-A097-34EC9BDB5D4E}.Release|Any CPU.Build.0 = Release|Any CPU
		{F82F5544-9E78-48B2-8652-46BD5CA292D5}.Debug|Any CPU.ActiveCfg = Debug|Any CPU
		{F82F5544-9E78-48B2-8652-46BD5CA292D5}.Debug|Any CPU.Build.0 = Debug|Any CPU
		{F82F5544-9E78-48B2-8652-46BD5CA292D5}.Release|Any CPU.ActiveCfg = Release|Any CPU
		{F82F5544-9E78-48B2-8652-46BD5CA292D5}.Release|Any CPU.Build.0 = Release|Any CPU
	EndGlobalSection
	GlobalSection(SolutionProperties) = preSolution
		HideSolutionNode = FALSE
	EndGlobalSection
	GlobalSection(ExtensibilityGlobals) = postSolution
		SolutionGuid = {E397AEFF-6510-4D76-B4B8-9E53CDEEEF38}
	EndGlobalSection
EndGlobal
